github.com/mordeve/stopwords v0.0.0-20211005173548-ec07d2df0b22 h1:XnJEzwaRFa0SV3H7Wl9jv30/Oy6Z00tI9vH7UQqqPyw=
github.com/mordeve/stopwords v0.0.0-20211005173548-ec07d2df0b22/go.mod h1:0CZrjiFCMnruMo0qDLbaQqdKyiEkT1ZHBwR/u38tBRM=
golang.org/x/text v0.3.7 h1:olpwvP2KacW1ZWvsR7uQhoyTYvKAupfQrRGBFM352Gk=
golang.org/x/text v0.3.7/go.mod h1:u+2+/6zg+i71rQMx5EYifcz6MCKuco9NR6JIITiCfzQ=
golang.org/x/tools v0.0.0-20180917221912-90fa682c2a6e/go.mod h1:n7NCudcB/nEzxVGmLbDWY5pfWTLqBcC2KZ6jyYvM4mQ=
